
Microsoft Visual Studio Solution File, Format Version 10.00
# Visual Studio 2008
Project("{FAE04EC0-301F-11D3-BF4B-00C04F79EFBC}") = "OpenRasta.DI.Ninject", "OpenRasta.DI.Ninject\OpenRasta.DI.Ninject.csproj", "{C3A87FBD-770B-402F-968F-0B240C2E2560}"
EndProject
Project("{FAE04EC0-301F-11D3-BF4B-00C04F79EFBC}") = "OpenRasta.DI.Ninject.Tests.Unit", "OpenRasta.DI.Ninject.Tests.Unit\OpenRasta.DI.Ninject.Tests.Unit.csproj", "{3CD17323-E09A-4CCC-A023-3799E1C2422B}"
EndProject
Global
	GlobalSection(SolutionConfigurationPlatforms) = preSolution
		Debug|Any CPU = Debug|Any CPU
		Release|Any CPU = Release|Any CPU
	EndGlobalSection
	GlobalSection(ProjectConfigurationPlatforms) = postSolution
		{C3A87FBD-770B-402F-968F-0B240C2E2560}.Debug|Any CPU.ActiveCfg = Debug|Any CPU
		{C3A87FBD-770B-402F-968F-0B240C2E2560}.Debug|Any CPU.Build.0 = Debug|Any CPU
		{C3A87FBD-770B-402F-968F-0B240C2E2560}.Release|Any CPU.ActiveCfg = Release|Any CPU
		{C3A87FBD-770B-402F-968F-0B240C2E2560}.Release|Any CPU.Build.0 = Release|Any CPU
		{3CD17323-E09A-4CCC-A023-3799E1C2422B}.Debug|Any CPU.ActiveCfg = Debug|Any CPU
		{3CD17323-E09A-4CCC-A023-3799E1C2422B}.Debug|Any CPU.Build.0 = Debug|Any CPU
		{3CD17323-E09A-4CCC-A023-3799E1C2422B}.Release|Any CPU.ActiveCfg = Release|Any CPU
		{3CD17323-E09A-4CCC-A023-3799E1C2422B}.Release|Any CPU.Build.0 = Release|Any CPU
	EndGlobalSection
	GlobalSection(SolutionProperties) = preSolution
		HideSolutionNode = FALSE
	EndGlobalSection
EndGlobal
