
Microsoft Visual Studio Solution File, Format Version 10.00
# Visual Studio 2008
Project("{FAE04EC0-301F-11D3-BF4B-00C04F79EFBC}") = "OpenRasta", "OpenRasta\OpenRasta.csproj", "{C3ED9CCE-A140-4D0F-AE00-FBBF4CD27647}"
EndProject
Project("{FAE04EC0-301F-11D3-BF4B-00C04F79EFBC}") = "OpenRasta.Tests.Unit", "OpenRasta.Tests.Unit\OpenRasta.Tests.Unit.csproj", "{562EC958-6078-4DBD-B536-6E9FE1228867}"
	ProjectSection(ProjectDependencies) = postProject
		{F349FB0E-3E62-489A-978A-0BDFA857B70E} = {F349FB0E-3E62-489A-978A-0BDFA857B70E}
	EndProjectSection
EndProject
Project("{FAE04EC0-301F-11D3-BF4B-00C04F79EFBC}") = "OpenRasta.Testing", "OpenRasta.Testing\OpenRasta.Testing.csproj", "{174DEE64-B4B2-4F30-ADA2-15D67ADE3320}"
EndProject
Project("{FAE04EC0-301F-11D3-BF4B-00C04F79EFBC}") = "OpenRasta.Net30", "OpenRasta.Net30\OpenRasta.Net30.csproj", "{F349FB0E-3E62-489A-978A-0BDFA857B70E}"
EndProject
Project("{FAE04EC0-301F-11D3-BF4B-00C04F79EFBC}") = "OpenRasta.Net35", "OpenRasta.Net35\OpenRasta.Net35.csproj", "{B277A767-9008-4A29-B27F-57DB4BF4F4FB}"
EndProject
Project("{FAE04EC0-301F-11D3-BF4B-00C04F79EFBC}") = "OpenRasta.Tests.Integration", "OpenRasta.Tests.Integration\OpenRasta.Tests.Integration.csproj", "{C938666D-4CA8-4EF0-9EF5-03A508312037}"
	ProjectSection(ProjectDependencies) = postProject
		{562EC958-6078-4DBD-B536-6E9FE1228867} = {562EC958-6078-4DBD-B536-6E9FE1228867}
	EndProjectSection
EndProject
Project("{2150E333-8FDC-42A3-9474-1A3956D46DE8}") = "Solution Items", "Solution Items", "{2EEC5803-1935-413B-AC35-7E5575CD59B6}"
	ProjectSection(SolutionItems) = preProject
		..\CommonInfo.cs = ..\CommonInfo.cs
		..\..\reports\PartCover.xml = ..\..\reports\PartCover.xml
	EndProjectSection
EndProject
Project("{2150E333-8FDC-42A3-9474-1A3956D46DE8}") = "Build", "Build", "{172D4C39-D8C0-4100-9677-970C62871134}"
	ProjectSection(SolutionItems) = preProject
		..\..\build\aspnet.proj = ..\..\build\aspnet.proj
		..\..\build\build.proj = ..\..\build\build.proj
		..\..\build\castle.proj = ..\..\build\castle.proj
		..\..\build\core.proj = ..\..\build\core.proj
		..\..\build\ninject.proj = ..\..\build\ninject.proj
		..\..\build\openbastard.proj = ..\..\build\openbastard.proj
		..\..\build\sharpview.proj = ..\..\build\sharpview.proj
		..\..\build\vside.proj = ..\..\build\vside.proj
	EndProjectSection
EndProject
Project("{2150E333-8FDC-42A3-9474-1A3956D46DE8}") = "Base", "Base", "{4CC12995-B79D-4D0C-ADBF-C25AD4CD0E54}"
	ProjectSection(SolutionItems) = preProject
		..\..\build\common.properties = ..\..\build\common.properties
		..\..\build\defaults.targets = ..\..\build\defaults.targets
		..\..\build\dependencymanager.proj = ..\..\build\dependencymanager.proj
		..\..\build\module.targets = ..\..\build\module.targets
		..\..\build\releasebuilder.targets = ..\..\build\releasebuilder.targets
	EndProjectSection
EndProject
Project("{2150E333-8FDC-42A3-9474-1A3956D46DE8}") = "Deploy", "Deploy", "{1F008650-D99B-4DE5-A623-0BE1FAAA8A6D}"
	ProjectSection(SolutionItems) = preProject
		..\..\build\deploy\ohloh.xml = ..\..\build\deploy\ohloh.xml
	EndProjectSection
EndProject
Global
	GlobalSection(SolutionConfigurationPlatforms) = preSolution
		Debug|Any CPU = Debug|Any CPU
		Release|Any CPU = Release|Any CPU
	EndGlobalSection
	GlobalSection(ProjectConfigurationPlatforms) = postSolution
		{C3ED9CCE-A140-4D0F-AE00-FBBF4CD27647}.Debug|Any CPU.ActiveCfg = Debug|Any CPU
		{C3ED9CCE-A140-4D0F-AE00-FBBF4CD27647}.Debug|Any CPU.Build.0 = Debug|Any CPU
		{C3ED9CCE-A140-4D0F-AE00-FBBF4CD27647}.Release|Any CPU.ActiveCfg = Release|Any CPU
		{C3ED9CCE-A140-4D0F-AE00-FBBF4CD27647}.Release|Any CPU.Build.0 = Release|Any CPU
		{562EC958-6078-4DBD-B536-6E9FE1228867}.Debug|Any CPU.ActiveCfg = Debug|Any CPU
		{562EC958-6078-4DBD-B536-6E9FE1228867}.Debug|Any CPU.Build.0 = Debug|Any CPU
		{562EC958-6078-4DBD-B536-6E9FE1228867}.Release|Any CPU.ActiveCfg = Release|Any CPU
		{562EC958-6078-4DBD-B536-6E9FE1228867}.Release|Any CPU.Build.0 = Release|Any CPU
		{174DEE64-B4B2-4F30-ADA2-15D67ADE3320}.Debug|Any CPU.ActiveCfg = Debug|Any CPU
		{174DEE64-B4B2-4F30-ADA2-15D67ADE3320}.Debug|Any CPU.Build.0 = Debug|Any CPU
		{174DEE64-B4B2-4F30-ADA2-15D67ADE3320}.Release|Any CPU.ActiveCfg = Release|Any CPU
		{174DEE64-B4B2-4F30-ADA2-15D67ADE3320}.Release|Any CPU.Build.0 = Release|Any CPU
		{F349FB0E-3E62-489A-978A-0BDFA857B70E}.Debug|Any CPU.ActiveCfg = Debug|Any CPU
		{F349FB0E-3E62-489A-978A-0BDFA857B70E}.Debug|Any CPU.Build.0 = Debug|Any CPU
		{F349FB0E-3E62-489A-978A-0BDFA857B70E}.Release|Any CPU.ActiveCfg = Release|Any CPU
		{F349FB0E-3E62-489A-978A-0BDFA857B70E}.Release|Any CPU.Build.0 = Release|Any CPU
		{B277A767-9008-4A29-B27F-57DB4BF4F4FB}.Debug|Any CPU.ActiveCfg = Debug|Any CPU
		{B277A767-9008-4A29-B27F-57DB4BF4F4FB}.Debug|Any CPU.Build.0 = Debug|Any CPU
		{B277A767-9008-4A29-B27F-57DB4BF4F4FB}.Release|Any CPU.ActiveCfg = Release|Any CPU
		{B277A767-9008-4A29-B27F-57DB4BF4F4FB}.Release|Any CPU.Build.0 = Release|Any CPU
		{C938666D-4CA8-4EF0-9EF5-03A508312037}.Debug|Any CPU.ActiveCfg = Debug|Any CPU
		{C938666D-4CA8-4EF0-9EF5-03A508312037}.Debug|Any CPU.Build.0 = Debug|Any CPU
		{C938666D-4CA8-4EF0-9EF5-03A508312037}.Release|Any CPU.ActiveCfg = Release|Any CPU
		{C938666D-4CA8-4EF0-9EF5-03A508312037}.Release|Any CPU.Build.0 = Release|Any CPU
	EndGlobalSection
	GlobalSection(SolutionProperties) = preSolution
		HideSolutionNode = FALSE
	EndGlobalSection
	GlobalSection(NestedProjects) = preSolution
		{172D4C39-D8C0-4100-9677-970C62871134} = {2EEC5803-1935-413B-AC35-7E5575CD59B6}
		{4CC12995-B79D-4D0C-ADBF-C25AD4CD0E54} = {172D4C39-D8C0-4100-9677-970C62871134}
		{1F008650-D99B-4DE5-A623-0BE1FAAA8A6D} = {172D4C39-D8C0-4100-9677-970C62871134}
	EndGlobalSection
EndGlobal
